
Microsoft Visual Studio Solution File, Format Version 11.00
# Visual Studio 2010
Project("{8BC9CEB8-8B4A-11D0-8D11-00A0C91BC942}") = "shape_recognition", "shape_recognition.vcxproj", "{9674E0BD-FEDA-411F-A5C9-7E6E7DD9BDAC}"
EndProject
Global
	GlobalSection(SolutionConfigurationPlatforms) = preSolution
		Debug|Win32 = Debug|Win32
		Release|Win32 = Release|Win32
	EndGlobalSection
	GlobalSection(ProjectConfigurationPlatforms) = postSolution
		{9674E0BD-FEDA-411F-A5C9-7E6E7DD9BDAC}.Debug|Win32.ActiveCfg = Debug|Win32
		{9674E0BD-FEDA-411F-A5C9-7E6E7DD9BDAC}.Debug|Win32.Build.0 = Debug|Win32
		{9674E0BD-FEDA-411F-A5C9-7E6E7DD9BDAC}.Release|Win32.ActiveCfg = Release|Win32
		{9674E0BD-FEDA-411F-A5C9-7E6E7DD9BDAC}.Release|Win32.Build.0 = Release|Win32
	EndGlobalSection
	GlobalSection(SolutionProperties) = preSolution
		HideSolutionNode = FALSE
	EndGlobalSection
EndGlobal
